{
  "pins" : [
    {
      "identity" : "bluesocket",
      "kind" : "remoteSourceControl",
      "location" : "https://github.com/IBM-Swift/BlueSocket",
      "state" : {
        "revision" : "c9894fd117457f1d006575fbfb2fdfd6f79eac03",
        "version" : "1.0.200"
      }
    },
    {
      "identity" : "libssh2prebuild",
      "kind" : "remoteSourceControl",
      "location" : "https://github.com/glushchenko/Libssh2Prebuild.git",
      "state" : {
        "revision" : "a91bcf205a6cbc84144f840c44145656abbd266a",
        "version" : "1.10.0"
      }
    },
    {
      "identity" : "shout",
      "kind" : "remoteSourceControl",
      "location" : "https://github.com/glushchenko/Shout",
      "state" : {
        "branch" : "master",
        "revision" : "aa2dc5dc124e8aa29002fcd4c334cdf54fa74df9"
      }
    }
  ],
  "version" : 2
}
